
Microsoft Visual Studio Solution File, Format Version 12.00
# Visual Studio Version 16
VisualStudioVersion = 16.0.30204.135
MinimumVisualStudioVersion = 10.0.40219.1
Project("{FAE04EC0-301F-11D3-BF4B-00C04F79EFBC}") = "Deliverable_One_Final", "Deliverable_One_Final\Deliverable_One_Final.csproj", "{32CFD54A-C02D-4EF9-BE67-F92856DFF002}"
EndProject
Global
	GlobalSection(SolutionConfigurationPlatforms) = preSolution
		Debug|Any CPU = Debug|Any CPU
		Release|Any CPU = Release|Any CPU
	EndGlobalSection
	GlobalSection(ProjectConfigurationPlatforms) = postSolution
		{32CFD54A-C02D-4EF9-BE67-F92856DFF002}.Debug|Any CPU.ActiveCfg = Debug|Any CPU
		{32CFD54A-C02D-4EF9-BE67-F92856DFF002}.Debug|Any CPU.Build.0 = Debug|Any CPU
		{32CFD54A-C02D-4EF9-BE67-F92856DFF002}.Release|Any CPU.ActiveCfg = Release|Any CPU
		{32CFD54A-C02D-4EF9-BE67-F92856DFF002}.Release|Any CPU.Build.0 = Release|Any CPU
	EndGlobalSection
	GlobalSection(SolutionProperties) = preSolution
		HideSolutionNode = FALSE
	EndGlobalSection
	GlobalSection(ExtensibilityGlobals) = postSolution
		SolutionGuid = {0F62C99A-504C-4DA6-9E69-3E41C1577A5D}
	EndGlobalSection
EndGlobal
